
Microsoft Visual Studio Solution File, Format Version 12.00
# Visual Studio Version 17
VisualStudioVersion = 17.0.31423.177
MinimumVisualStudioVersion = 10.0.40219.1
Project("{2150E333-8FDC-42A3-9474-1A3956D46DE8}") = "src", "src", "{AD526D9D-C687-4855-ADB6-BEE6C605D6BF}"
	ProjectSection(SolutionItems) = preProject
		src\Directory.Build.props = src\Directory.Build.props
		src\Directory.Build.targets = src\Directory.Build.targets
		README.md = README.md
	EndProjectSection
EndProject
Project("{2150E333-8FDC-42A3-9474-1A3956D46DE8}") = "AspNetCore", "AspNetCore", "{E52739B0-01D4-46AC-B9C0-06E3A92DD27C}"
EndProject
Project("{9A19103F-16F7-4668-BE54-9A1E7A4F7556}") = "BizStream.Kentico.Xperience.AspNetCore.StaticWebAssetsStorage", "src\AspNetCore\src\BizStream.Kentico.Xperience.AspNetCore.StaticWebAssetsStorage.csproj", "{15F49ECF-77EE-4389-A973-E917EE94C6E1}"
EndProject
Global
	GlobalSection(SolutionConfigurationPlatforms) = preSolution
		Debug|Any CPU = Debug|Any CPU
		Release|Any CPU = Release|Any CPU
	EndGlobalSection
	GlobalSection(ProjectConfigurationPlatforms) = postSolution
		{15F49ECF-77EE-4389-A973-E917EE94C6E1}.Debug|Any CPU.ActiveCfg = Debug|Any CPU
		{15F49ECF-77EE-4389-A973-E917EE94C6E1}.Debug|Any CPU.Build.0 = Debug|Any CPU
		{15F49ECF-77EE-4389-A973-E917EE94C6E1}.Release|Any CPU.ActiveCfg = Release|Any CPU
		{15F49ECF-77EE-4389-A973-E917EE94C6E1}.Release|Any CPU.Build.0 = Release|Any CPU
	EndGlobalSection
	GlobalSection(SolutionProperties) = preSolution
		HideSolutionNode = FALSE
	EndGlobalSection
	GlobalSection(NestedProjects) = preSolution
		{E52739B0-01D4-46AC-B9C0-06E3A92DD27C} = {AD526D9D-C687-4855-ADB6-BEE6C605D6BF}
		{15F49ECF-77EE-4389-A973-E917EE94C6E1} = {E52739B0-01D4-46AC-B9C0-06E3A92DD27C}
	EndGlobalSection
	GlobalSection(ExtensibilityGlobals) = postSolution
		SolutionGuid = {00B859F7-329E-4E83-AD33-9852A140571F}
	EndGlobalSection
EndGlobal
